
Microsoft Visual Studio Solution File, Format Version 11.00
# Visual Studio 2010
Project("{8BC9CEB8-8B4A-11D0-8D11-00A0C91BC942}") = "securec", "..\securec\securec.vcxproj", "{57E46F2A-E878-482C-A235-C458E225E63D}"
EndProject
Project("{8BC9CEB8-8B4A-11D0-8D11-00A0C91BC942}") = "sdp", "..\sdp\sdp.vcxproj", "{60899493-AC08-469D-8E2F-2A45A78F7E42}"
EndProject
Global
	GlobalSection(SolutionConfigurationPlatforms) = preSolution
		Debug|Win32 = Debug|Win32
		Debug|x64 = Debug|x64
		Release|Win32 = Release|Win32
		Release|x64 = Release|x64
	EndGlobalSection
	GlobalSection(ProjectConfigurationPlatforms) = postSolution
		{57E46F2A-E878-482C-A235-C458E225E63D}.Debug|Win32.ActiveCfg = Release|Win32
		{57E46F2A-E878-482C-A235-C458E225E63D}.Debug|Win32.Build.0 = Release|Win32
		{57E46F2A-E878-482C-A235-C458E225E63D}.Debug|x64.ActiveCfg = Debug|x64
		{57E46F2A-E878-482C-A235-C458E225E63D}.Debug|x64.Build.0 = Debug|x64
		{57E46F2A-E878-482C-A235-C458E225E63D}.Release|Win32.ActiveCfg = Release|Win32
		{57E46F2A-E878-482C-A235-C458E225E63D}.Release|Win32.Build.0 = Release|Win32
		{57E46F2A-E878-482C-A235-C458E225E63D}.Release|x64.ActiveCfg = Release|x64
		{57E46F2A-E878-482C-A235-C458E225E63D}.Release|x64.Build.0 = Release|x64
		{60899493-AC08-469D-8E2F-2A45A78F7E42}.Debug|Win32.ActiveCfg = Debug|Win32
		{60899493-AC08-469D-8E2F-2A45A78F7E42}.Debug|x64.ActiveCfg = Debug|x64
		{60899493-AC08-469D-8E2F-2A45A78F7E42}.Release|Win32.ActiveCfg = Release|Win32
		{60899493-AC08-469D-8E2F-2A45A78F7E42}.Release|Win32.Build.0 = Release|Win32
		{60899493-AC08-469D-8E2F-2A45A78F7E42}.Release|x64.ActiveCfg = Release|x64
	EndGlobalSection
	GlobalSection(SolutionProperties) = preSolution
		HideSolutionNode = FALSE
	EndGlobalSection
EndGlobal
